
Microsoft Visual Studio Solution File, Format Version 12.00
# Visual Studio Version 16
VisualStudioVersion = 16.0.31105.61
MinimumVisualStudioVersion = 10.0.40219.1
Project("{FAE04EC0-301F-11D3-BF4B-00C04F79EFBC}") = "StockBot", "StockBot\StockBot.csproj", "{75026095-5646-4F35-AE6B-BF71C5292C67}"
EndProject
Project("{FAE04EC0-301F-11D3-BF4B-00C04F79EFBC}") = "StockBotTests", "StockBotTests\StockBotTests.csproj", "{BB6A4B38-731B-4724-8134-C90A3D94F618}"
EndProject
Global
	GlobalSection(SolutionConfigurationPlatforms) = preSolution
		Debug|Any CPU = Debug|Any CPU
		Release|Any CPU = Release|Any CPU
	EndGlobalSection
	GlobalSection(ProjectConfigurationPlatforms) = postSolution
		{75026095-5646-4F35-AE6B-BF71C5292C67}.Debug|Any CPU.ActiveCfg = Debug|Any CPU
		{75026095-5646-4F35-AE6B-BF71C5292C67}.Debug|Any CPU.Build.0 = Debug|Any CPU
		{75026095-5646-4F35-AE6B-BF71C5292C67}.Release|Any CPU.ActiveCfg = Release|Any CPU
		{75026095-5646-4F35-AE6B-BF71C5292C67}.Release|Any CPU.Build.0 = Release|Any CPU
		{BB6A4B38-731B-4724-8134-C90A3D94F618}.Debug|Any CPU.ActiveCfg = Debug|Any CPU
		{BB6A4B38-731B-4724-8134-C90A3D94F618}.Debug|Any CPU.Build.0 = Debug|Any CPU
		{BB6A4B38-731B-4724-8134-C90A3D94F618}.Release|Any CPU.ActiveCfg = Release|Any CPU
		{BB6A4B38-731B-4724-8134-C90A3D94F618}.Release|Any CPU.Build.0 = Release|Any CPU
	EndGlobalSection
	GlobalSection(SolutionProperties) = preSolution
		HideSolutionNode = FALSE
	EndGlobalSection
	GlobalSection(ExtensibilityGlobals) = postSolution
		SolutionGuid = {F8C11724-09B4-4C27-98FF-9E1088E63BCF}
	EndGlobalSection
EndGlobal
